
Microsoft Visual Studio Solution File, Format Version 11.00
# Visual Studio 2010
Project("{FAE04EC0-301F-11D3-BF4B-00C04F79EFBC}") = "OyunProgramlamaVize", "Assembly-CSharp-firstpass.csproj", "{E3E52FA1-0855-4C2A-2C21-02F8BBFE0815}"
EndProject
Project("{FAE04EC0-301F-11D3-BF4B-00C04F79EFBC}") = "OyunProgramlamaVize", "Assembly-CSharp.csproj", "{4D5CD943-AC8B-8F53-94CB-09E57EC03DF5}"
EndProject
Global
	GlobalSection(SolutionConfigurationPlatforms) = preSolution
		Debug|Any CPU = Debug|Any CPU
		Release|Any CPU = Release|Any CPU
	EndGlobalSection
	GlobalSection(ProjectConfigurationPlatforms) = postSolution
		{E3E52FA1-0855-4C2A-2C21-02F8BBFE0815}.Debug|Any CPU.ActiveCfg = Debug|Any CPU
		{E3E52FA1-0855-4C2A-2C21-02F8BBFE0815}.Debug|Any CPU.Build.0 = Debug|Any CPU
		{E3E52FA1-0855-4C2A-2C21-02F8BBFE0815}.Release|Any CPU.ActiveCfg = Release|Any CPU
		{E3E52FA1-0855-4C2A-2C21-02F8BBFE0815}.Release|Any CPU.Build.0 = Release|Any CPU
		{4D5CD943-AC8B-8F53-94CB-09E57EC03DF5}.Debug|Any CPU.ActiveCfg = Debug|Any CPU
		{4D5CD943-AC8B-8F53-94CB-09E57EC03DF5}.Debug|Any CPU.Build.0 = Debug|Any CPU
		{4D5CD943-AC8B-8F53-94CB-09E57EC03DF5}.Release|Any CPU.ActiveCfg = Release|Any CPU
		{4D5CD943-AC8B-8F53-94CB-09E57EC03DF5}.Release|Any CPU.Build.0 = Release|Any CPU
	EndGlobalSection
	GlobalSection(SolutionProperties) = preSolution
		HideSolutionNode = FALSE
	EndGlobalSection
	GlobalSection(MonoDevelopProperties) = preSolution
		StartupItem = Assembly-CSharp.csproj
	EndGlobalSection
EndGlobal
